PODS:
  - Alamofire (4.6.0)
  - Bolts (1.8.4):
    - Bolts/AppLinks (= 1.8.4)
    - Bolts/Tasks (= 1.8.4)
  - Bolts/AppLinks (1.8.4):
    - Bolts/Tasks
  - Bolts/Tasks (1.8.4)
  - FBSDKCoreKit (4.29.0):
    - Bolts (~> 1.7)
  - FBSDKLoginKit (4.29.0):
    - FBSDKCoreKit
  - Kingfisher (4.5.0)
  - NVActivityIndicatorView (4.1.0):
    - NVActivityIndicatorView/Presenter (= 4.1.0)
  - NVActivityIndicatorView/Presenter (4.1.0)
  - SCLAlertView (0.7.0)
  - SwiftyJSON (4.0.0)

DEPENDENCIES:
  - Alamofire
  - FBSDKLoginKit
  - Kingfisher
  - NVActivityIndicatorView
  - SCLAlertView (from `https://github.com/vikmeup/SCLAlertView-Swift.git`)
  - SwiftyJSON

EXTERNAL SOURCES:
  SCLAlertView:
    :git: https://github.com/vikmeup/SCLAlertView-Swift.git

CHECKOUT OPTIONS:
  SCLAlertView:
    :commit: 85329ce66c297bea79ddef92908ff2040174ccf9
    :git: https://github.com/vikmeup/SCLAlertView-Swift.git

SPEC CHECKSUMS:
  Alamofire: f41a599bd63041760b26d393ec1069d9d7b917f4
  Bolts: 8a7995239dbe724f9cba2248b766d48b7ebdd322
  FBSDKCoreKit: 6f139173dc63a1deaff4430a55f2fe5bb222d2af
  FBSDKLoginKit: 56a057ca6822535ea0faa25f57a7c41edb697fd4
  Kingfisher: 26ae0473102b77b575da51960c932431e3745407
  NVActivityIndicatorView: dc4726052dc24e89fa8576d43acf9e96f61d49db
  SCLAlertView: 8a14ffc40590c619e183eed2298b854385f30be1
  SwiftyJSON: 070dabdcb1beb81b247c65ffa3a79dbbfb3b48aa

PODFILE CHECKSUM: b1da6cc499156f7d7d59bae9cf861f4af68beffc

COCOAPODS: 1.3.1
