// !$*UTF8*$!
{
	archiveVersion = 1;
	classes = {
	};
	objectVersion = 48;
	objects = {

/* Begin PBXBuildFile section */
		6FFCFCCC1F90AC9400F70F90 /* AppDelegate.swift in Sources */ = {isa = PBXBuildFile; fileRef = 6FFCFCCB1F90AC9400F70F90 /* AppDelegate.swift */; };
		6FFCFCCE1F90AC9400F70F90 /* ViewController.swift in Sources */ = {isa = PBXBuildFile; fileRef = 6FFCFCCD1F90AC9400F70F90 /* ViewController.swift */; };
		6FFCFCD11F90AC9400F70F90 /* Main.storyboard in Resources */ = {isa = PBXBuildFile; fileRef = 6FFCFCCF1F90AC9400F70F90 /* Main.storyboard */; };
		6FFCFCD31F90AC9400F70F90 /* Assets.xcassets in Resources */ = {isa = PBXBuildFile; fileRef = 6FFCFCD21F90AC9400F70F90 /* Assets.xcassets */; };
		6FFCFCD61F90AC9400F70F90 /* LaunchScreen.storyboard in Resources */ = {isa = PBXBuildFile; fileRef = 6FFCFCD41F90AC9400F70F90 /* LaunchScreen.storyboard */; };
		6FFCFCDE1F90B64700F70F90 /* Satisfy-Regular.ttf in Resources */ = {isa = PBXBuildFile; fileRef = 6FFCFCDD1F90B51700F70F90 /* Satisfy-Regular.ttf */; };
/* End PBXBuildFile section */

/* Begin PBXFileReference section */
		6FFCFCC81F90AC9400F70F90 /* Exercise01.app */ = {isa = PBXFileReference; explicitFileType = wrapper.application; includeInIndex = 0; path = Exercise01.app; sourceTree = BUILT_PRODUCTS_DIR; };
		6FFCFCCB1F90AC9400F70F90 /* AppDelegate.swift */ = {isa = PBXFileReference; lastKnownFileType = sourcecode.swift; path = AppDelegate.swift; sourceTree = "<group>"; };
		6FFCFCCD1F90AC9400F70F90 /* ViewController.swift */ = {isa = PBXFileReference; lastKnownFileType = sourcecode.swift; path = ViewController.swift; sourceTree = "<group>"; };
		6FFCFCD01F90AC9400F70F90 /* Base */ = {isa = PBXFileReference; lastKnownFileType = file.storyboard; name = Base; path = Base.lproj/Main.storyboard; sourceTree = "<group>"; };
		6FFCFCD21F90AC9400F70F90 /* Assets.xcassets */ = {isa = PBXFileReference; lastKnownFileType = folder.assetcatalog; path = Assets.xcassets; sourceTree = "<group>"; };
		6FFCFCD51F90AC9400F70F90 /* Base */ = {isa = PBXFileReference; lastKnownFileType = file.storyboard; name = Base; path = Base.lproj/LaunchScreen.storyboard; sourceTree = "<group>"; };
		6FFCFCD71F90AC9400F70F90 /* Info.plist */ = {isa = PBXFileReference; lastKnownFileType = text.plist.xml; path = Info.plist; sourceTree = "<group>"; };
		6FFCFCDD1F90B51700F70F90 /* Satisfy-Regular.ttf */ = {isa = PBXFileReference; lastKnownFileType = file; path = "Satisfy-Regular.ttf"; sourceTree = "<group>"; };
/* End PBXFileReference section */

/* Begin PBXFrameworksBuildPhase section */
		6FFCFCC51F90AC9400F70F90 /* Frameworks */ = {
			isa = PBXFrameworksBuildPhase;
			buildActionMask = 2147483647;
			files = (
			);
			runOnlyForDeploymentPostprocessing = 0;
		};
/* End PBXFrameworksBuildPhase section */

/* Begin PBXGroup section */
		6FFCFCBF1F90AC9300F70F90 = {
			isa = PBXGroup;
			children = (
				6FFCFCCA1F90AC9400F70F90 /* Exercise01 */,
				6FFCFCC91F90AC9400F70F90 /* Products */,
			);
			sourceTree = "<group>";
		};
		6FFCFCC91F90AC9400F70F90 /* Products */ = {
			isa = PBXGroup;
			children = (
				6FFCFCC81F90AC9400F70F90 /* Exercise01.app */,
			);
			name = Products;
			sourceTree = "<group>";
		};
		6FFCFCCA1F90AC9400F70F90 /* Exercise01 */ = {
			isa = PBXGroup;
			children = (
				6FFCFCDD1F90B51700F70F90 /* Satisfy-Regular.ttf */,
				6FFCFCCB1F90AC9400F70F90 /* AppDelegate.swift */,
				6FFCFCCD1F90AC9400F70F90 /* ViewController.swift */,
				6FFCFCCF1F90AC9400F70F90 /* Main.storyboard */,
				6FFCFCD21F90AC9400F70F90 /* Assets.xcassets */,
				6FFCFCD41F90AC9400F70F90 /* LaunchScreen.storyboard */,
				6FFCFCD71F90AC9400F70F90 /* Info.plist */,
			);
			path = Exercise01;
			sourceTree = "<group>";
		};
/* End PBXGroup section */

/* Begin PBXNativeTarget section */
		6FFCFCC71F90AC9400F70F90 /* Exercise01 */ = {
			isa = PBXNativeTarget;
			buildConfigurationList = 6FFCFCDA1F90AC9400F70F90 /* Build configuration list for PBXNativeTarget "Exercise01" */;
			buildPhases = (
				6FFCFCC41F90AC9400F70F90 /* Sources */,
				6FFCFCC51F90AC9400F70F90 /* Frameworks */,
				6FFCFCC61F90AC9400F70F90 /* Resources */,
			);
			buildRules = (
			);
			dependencies = (
			);
			name = Exercise01;
			productName = Exercise01;
			productReference = 6FFCFCC81F90AC9400F70F90 /* Exercise01.app */;
			productType = "com.apple.product-type.application";
		};
/* End PBXNativeTarget section */

/* Begin PBXProject section */
		6FFCFCC01F90AC9300F70F90 /* Project object */ = {
			isa = PBXProject;
			attributes = {
				LastSwiftUpdateCheck = 0900;
				LastUpgradeCheck = 0900;
				ORGANIZATIONNAME = kshrd;
				TargetAttributes = {
					6FFCFCC71F90AC9400F70F90 = {
						CreatedOnToolsVersion = 9.0;
						ProvisioningStyle = Automatic;
					};
				};
			};
			buildConfigurationList = 6FFCFCC31F90AC9300F70F90 /* Build configuration list for PBXProject "Exercise01" */;
			compatibilityVersion = "Xcode 8.0";
			developmentRegion = en;
			hasScannedForEncodings = 0;
			knownRegions = (
				en,
				Base,
			);
			mainGroup = 6FFCFCBF1F90AC9300F70F90;
			productRefGroup = 6FFCFCC91F90AC9400F70F90 /* Products */;
			projectDirPath = "";
			projectRoot = "";
			targets = (
				6FFCFCC71F90AC9400F70F90 /* Exercise01 */,
			);
		};
/* End PBXProject section */

/* Begin PBXResourcesBuildPhase section */
		6FFCFCC61F90AC9400F70F90 /* Resources */ = {
			isa = PBXResourcesBuildPhase;
			buildActionMask = 2147483647;
			files = (
				6FFCFCDE1F90B64700F70F90 /* Satisfy-Regular.ttf in Resources */,
				6FFCFCD61F90AC9400F70F90 /* LaunchScreen.storyboard in Resources */,
				6FFCFCD31F90AC9400F70F90 /* Assets.xcassets in Resources */,
				6FFCFCD11F90AC9400F70F90 /* Main.storyboard in Resources */,
			);
			runOnlyForDeploymentPostprocessing = 0;
		};
/* End PBXResourcesBuildPhase section */

/* Begin PBXSourcesBuildPhase section */
		6FFCFCC41F90AC9400F70F90 /* Sources */ = {
			isa = PBXSourcesBuildPhase;
			buildActionMask = 2147483647;
			files = (
				6FFCFCCE1F90AC9400F70F90 /* ViewController.swift in Sources */,
				6FFCFCCC1F90AC9400F70F90 /* AppDelegate.swift in Sources */,
			);
			runOnlyForDeploymentPostprocessing = 0;
		};
/* End PBXSourcesBuildPhase section */

/* Begin PBXVariantGroup section */
		6FFCFCCF1F90AC9400F70F90 /* Main.storyboard */ = {
			isa = PBXVariantGroup;
			children = (
				6FFCFCD01F90AC9400F70F90 /* Base */,
			);
			name = Main.storyboard;
			sourceTree = "<group>";
		};
		6FFCFCD41F90AC9400F70F90 /* LaunchScreen.storyboard */ = {
			isa = PBXVariantGroup;
			children = (
				6FFCFCD51F90AC9400F70F90 /* Base */,
			);
			name = LaunchScreen.storyboard;
			sourceTree = "<group>";
		};
/* End PBXVariantGroup section */

/* Begin XCBuildConfiguration section */
		6FFCFCD81F90AC9400F70F90 /* Debug */ = {
			isa = XCBuildConfiguration;
			buildSettings = {
				ALWAYS_SEARCH_USER_PATHS = NO;
				CLANG_ANALYZER_NONNULL = YES;
				CLANG_ANALYZER_NUMBER_OBJECT_CONVERSION = YES_AGGRESSIVE;
				CLANG_CXX_LANGUAGE_STANDARD = "gnu++14";
				CLANG_CXX_LIBRARY = "libc++";
				CLANG_ENABLE_MODULES = YES;
				CLANG_ENABLE_OBJC_ARC = YES;
				CLANG_WARN_BLOCK_CAPTURE_AUTORELEASING = YES;
				CLANG_WARN_BOOL_CONVERSION = YES;
				CLANG_WARN_COMMA = YES;
				CLANG_WARN_CONSTANT_CONVERSION = YES;
				CLANG_WARN_DIRECT_OBJC_ISA_USAGE = YES_ERROR;
				CLANG_WARN_DOCUMENTATION_COMMENTS = YES;
				CLANG_WARN_EMPTY_BODY = YES;
				CLANG_WARN_ENUM_CONVERSION = YES;
				CLANG_WARN_INFINITE_RECURSION = YES;
				CLANG_WARN_INT_CONVERSION = YES;
				CLANG_WARN_NON_LITERAL_NULL_CONVERSION = YES;
				CLANG_WARN_OBJC_LITERAL_CONVERSION = YES;
				CLANG_WARN_OBJC_ROOT_CLASS = YES_ERROR;
				CLANG_WARN_RANGE_LOOP_ANALYSIS = YES;
				CLANG_WARN_STRICT_PROTOTYPES = YES;
				CLANG_WARN_SUSPICIOUS_MOVE = YES;
				CLANG_WARN_UNGUARDED_AVAILABILITY = YES_AGGRESSIVE;
				CLANG_WARN_UNREACHABLE_CODE = YES;
				CLANG_WARN__DUPLICATE_METHOD_MATCH = YES;
				CODE_SIGN_IDENTITY = "iPhone Developer";
				COPY_PHASE_STRIP = NO;
				DEBUG_INFORMATION_FORMAT = dwarf;
				ENABLE_STRICT_OBJC_MSGSEND = YES;
				ENABLE_TESTABILITY = YES;
				GCC_C_LANGUAGE_STANDARD = gnu11;
				GCC_DYNAMIC_NO_PIC = NO;
				GCC_NO_COMMON_BLOCKS = YES;
				GCC_OPTIMIZATION_LEVEL = 0;
				GCC_PREPROCESSOR_DEFINITIONS = (
					"DEBUG=1",
					"$(inherited)",
				);
				GCC_WARN_64_TO_32_BIT_CONVERSION = YES;
				GCC_WARN_ABOUT_RETURN_TYPE = YES_ERROR;
				GCC_WARN_UNDECLARED_SELECTOR = YES;
				GCC_WARN_UNINITIALIZED_AUTOS = YES_AGGRESSIVE;
				GCC_WARN_UNUSED_FUNCTION = YES;
				GCC_WARN_UNUSED_VARIABLE = YES;
				IPHONEOS_DEPLOYMENT_TARGET = 11.0;
				MTL_ENABLE_DEBUG_INFO = YES;
				ONLY_ACTIVE_ARCH = YES;
				SDKROOT = iphoneos;
				SWIFT_ACTIVE_COMPILATION_CONDITIONS = DEBUG;
				SWIFT_OPTIMIZATION_LEVEL = "-Onone";
			};
			name = Debug;
		};
		6FFCFCD91F90AC9400F70F90 /* Release */ = {
			isa = XCBuildConfiguration;
			buildSettings = {
				ALWAYS_SEARCH_USER_PATHS = NO;
				CLANG_ANALYZER_NONNULL = YES;
				CLANG_ANALYZER_NUMBER_OBJECT_CONVERSION = YES_AGGRESSIVE;
				CLANG_CXX_LANGUAGE_STANDARD = "gnu++14";
				CLANG_CXX_LIBRARY = "libc++";
				CLANG_ENABLE_MODULES = YES;
				CLANG_ENABLE_OBJC_ARC = YES;
				CLANG_WARN_BLOCK_CAPTURE_AUTORELEASING = YES;
				CLANG_WARN_BOOL_CONVERSION = YES;
				CLANG_WARN_COMMA = YES;
				CLANG_WARN_CONSTANT_CONVERSION = YES;
				CLANG_WARN_DIRECT_OBJC_ISA_USAGE = YES_ERROR;
				CLANG_WARN_DOCUMENTATION_COMMENTS = YES;
				CLANG_WARN_EMPTY_BODY = YES;
				CLANG_WARN_ENUM_CONVERSION = YES;
				CLANG_WARN_INFINITE_RECURSION = YES;
				CLANG_WARN_INT_CONVERSION = YES;
				CLANG_WARN_NON_LITERAL_NULL_CONVERSION = YES;
				CLANG_WARN_OBJC_LITERAL_CONVERSION = YES;
				CLANG_WARN_OBJC_ROOT_CLASS = YES_ERROR;
				CLANG_WARN_RANGE_LOOP_ANALYSIS = YES;
				CLANG_WARN_STRICT_PROTOTYPES = YES;
				CLANG_WARN_SUSPICIOUS_MOVE = YES;
				CLANG_WARN_UNGUARDED_AVAILABILITY = YES_AGGRESSIVE;
				CLANG_WARN_UNREACHABLE_CODE = YES;
				CLANG_WARN__DUPLICATE_METHOD_MATCH = YES;
				CODE_SIGN_IDENTITY = "iPhone Developer";
				COPY_PHASE_STRIP = NO;
				DEBUG_INFORMATION_FORMAT = "dwarf-with-dsym";
				ENABLE_NS_ASSERTIONS = NO;
				ENABLE_STRICT_OBJC_MSGSEND = YES;
				GCC_C_LANGUAGE_STANDARD = gnu11;
				GCC_NO_COMMON_BLOCKS = YES;
				GCC_WARN_64_TO_32_BIT_CONVERSION = YES;
				GCC_WARN_ABOUT_RETURN_TYPE = YES_ERROR;
				GCC_WARN_UNDECLARED_SELECTOR = YES;
				GCC_WARN_UNINITIALIZED_AUTOS = YES_AGGRESSIVE;
				GCC_WARN_UNUSED_FUNCTION = YES;
				GCC_WARN_UNUSED_VARIABLE = YES;
				IPHONEOS_DEPLOYMENT_TARGET = 11.0;
				MTL_ENABLE_DEBUG_INFO = NO;
				SDKROOT = iphoneos;
				SWIFT_OPTIMIZATION_LEVEL = "-Owholemodule";
				VALIDATE_PRODUCT = YES;
			};
			name = Release;
		};
		6FFCFCDB1F90AC9400F70F90 /* Debug */ = {
			isa = XCBuildConfiguration;
			buildSettings = {
				ASSETCATALOG_COMPILER_APPICON_NAME = AppIcon;
				CODE_SIGN_STYLE = Automatic;
				INFOPLIST_FILE = Exercise01/Info.plist;
				LD_RUNPATH_SEARCH_PATHS = "$(inherited) @executable_path/Frameworks";
				PRODUCT_BUNDLE_IDENTIFIER = org.kshrd.Exercise01;
				PRODUCT_NAME = "$(TARGET_NAME)";
				SWIFT_VERSION = 4.0;
				TARGETED_DEVICE_FAMILY = "1,2";
			};
			name = Debug;
		};
		6FFCFCDC1F90AC9400F70F90 /* Release */ = {
			isa = XCBuildConfiguration;
			buildSettings = {
				ASSETCATALOG_COMPILER_APPICON_NAME = AppIcon;
				CODE_SIGN_STYLE = Automatic;
				INFOPLIST_FILE = Exercise01/Info.plist;
				LD_RUNPATH_SEARCH_PATHS = "$(inherited) @executable_path/Frameworks";
				PRODUCT_BUNDLE_IDENTIFIER = org.kshrd.Exercise01;
				PRODUCT_NAME = "$(TARGET_NAME)";
				SWIFT_VERSION = 4.0;
				TARGETED_DEVICE_FAMILY = "1,2";
			};
			name = Release;
		};
/* End XCBuildConfiguration section */

/* Begin XCConfigurationList section */
		6FFCFCC31F90AC9300F70F90 /* Build configuration list for PBXProject "Exercise01" */ = {
			isa = XCConfigurationList;
			buildConfigurations = (
				6FFCFCD81F90AC9400F70F90 /* Debug */,
				6FFCFCD91F90AC9400F70F90 /* Release */,
			);
			defaultConfigurationIsVisible = 0;
			defaultConfigurationName = Release;
		};
		6FFCFCDA1F90AC9400F70F90 /* Build configuration list for PBXNativeTarget "Exercise01" */ = {
			isa = XCConfigurationList;
			buildConfigurations = (
				6FFCFCDB1F90AC9400F70F90 /* Debug */,
				6FFCFCDC1F90AC9400F70F90 /* Release */,
			);
			defaultConfigurationIsVisible = 0;
			defaultConfigurationName = Release;
		};
/* End XCConfigurationList section */
	};
	rootObject = 6FFCFCC01F90AC9300F70F90 /* Project object */;
}
