// !$*UTF8*$!
{
	archiveVersion = 1;
	classes = {
	};
	objectVersion = 48;
	objects = {

/* Begin PBXBuildFile section */
		ECC4F7FF1FC447D7009BBAC0 /* AppDelegate.swift in Sources */ = {isa = PBXBuildFile; fileRef = ECC4F7FE1FC447D7009BBAC0 /* AppDelegate.swift */; };
		ECC4F8011FC447D7009BBAC0 /* ViewController.swift in Sources */ = {isa = PBXBuildFile; fileRef = ECC4F8001FC447D7009BBAC0 /* ViewController.swift */; };
		ECC4F8041FC447D7009BBAC0 /* Main.storyboard in Resources */ = {isa = PBXBuildFile; fileRef = ECC4F8021FC447D7009BBAC0 /* Main.storyboard */; };
		ECC4F8061FC447D7009BBAC0 /* Assets.xcassets in Resources */ = {isa = PBXBuildFile; fileRef = ECC4F8051FC447D7009BBAC0 /* Assets.xcassets */; };
		ECC4F8091FC447D7009BBAC0 /* LaunchScreen.storyboard in Resources */ = {isa = PBXBuildFile; fileRef = ECC4F8071FC447D7009BBAC0 /* LaunchScreen.storyboard */; };
		ECC4F8111FC447E4009BBAC0 /* Person.swift in Sources */ = {isa = PBXBuildFile; fileRef = ECC4F8101FC447E4009BBAC0 /* Person.swift */; };
/* End PBXBuildFile section */

/* Begin PBXFileReference section */
		ECC4F7FB1FC447D7009BBAC0 /* MemoryManagmentUIDemo.app */ = {isa = PBXFileReference; explicitFileType = wrapper.application; includeInIndex = 0; path = MemoryManagmentUIDemo.app; sourceTree = BUILT_PRODUCTS_DIR; };
		ECC4F7FE1FC447D7009BBAC0 /* AppDelegate.swift */ = {isa = PBXFileReference; lastKnownFileType = sourcecode.swift; path = AppDelegate.swift; sourceTree = "<group>"; };
		ECC4F8001FC447D7009BBAC0 /* ViewController.swift */ = {isa = PBXFileReference; lastKnownFileType = sourcecode.swift; path = ViewController.swift; sourceTree = "<group>"; };
		ECC4F8031FC447D7009BBAC0 /* Base */ = {isa = PBXFileReference; lastKnownFileType = file.storyboard; name = Base; path = Base.lproj/Main.storyboard; sourceTree = "<group>"; };
		ECC4F8051FC447D7009BBAC0 /* Assets.xcassets */ = {isa = PBXFileReference; lastKnownFileType = folder.assetcatalog; path = Assets.xcassets; sourceTree = "<group>"; };
		ECC4F8081FC447D7009BBAC0 /* Base */ = {isa = PBXFileReference; lastKnownFileType = file.storyboard; name = Base; path = Base.lproj/LaunchScreen.storyboard; sourceTree = "<group>"; };
		ECC4F80A1FC447D7009BBAC0 /* Info.plist */ = {isa = PBXFileReference; lastKnownFileType = text.plist.xml; path = Info.plist; sourceTree = "<group>"; };
		ECC4F8101FC447E4009BBAC0 /* Person.swift */ = {isa = PBXFileReference; lastKnownFileType = sourcecode.swift; path = Person.swift; sourceTree = "<group>"; };
/* End PBXFileReference section */

/* Begin PBXFrameworksBuildPhase section */
		ECC4F7F81FC447D7009BBAC0 /* Frameworks */ = {
			isa = PBXFrameworksBuildPhase;
			buildActionMask = 2147483647;
			files = (
			);
			runOnlyForDeploymentPostprocessing = 0;
		};
/* End PBXFrameworksBuildPhase section */

/* Begin PBXGroup section */
		ECC4F7F21FC447D7009BBAC0 = {
			isa = PBXGroup;
			children = (
				ECC4F7FD1FC447D7009BBAC0 /* MemoryManagmentUIDemo */,
				ECC4F7FC1FC447D7009BBAC0 /* Products */,
			);
			sourceTree = "<group>";
		};
		ECC4F7FC1FC447D7009BBAC0 /* Products */ = {
			isa = PBXGroup;
			children = (
				ECC4F7FB1FC447D7009BBAC0 /* MemoryManagmentUIDemo.app */,
			);
			name = Products;
			sourceTree = "<group>";
		};
		ECC4F7FD1FC447D7009BBAC0 /* MemoryManagmentUIDemo */ = {
			isa = PBXGroup;
			children = (
				ECC4F7FE1FC447D7009BBAC0 /* AppDelegate.swift */,
				ECC4F8001FC447D7009BBAC0 /* ViewController.swift */,
				ECC4F8101FC447E4009BBAC0 /* Person.swift */,
				ECC4F8021FC447D7009BBAC0 /* Main.storyboard */,
				ECC4F8051FC447D7009BBAC0 /* Assets.xcassets */,
				ECC4F8071FC447D7009BBAC0 /* LaunchScreen.storyboard */,
				ECC4F80A1FC447D7009BBAC0 /* Info.plist */,
			);
			path = MemoryManagmentUIDemo;
			sourceTree = "<group>";
		};
/* End PBXGroup section */

/* Begin PBXNativeTarget section */
		ECC4F7FA1FC447D7009BBAC0 /* MemoryManagmentUIDemo */ = {
			isa = PBXNativeTarget;
			buildConfigurationList = ECC4F80D1FC447D7009BBAC0 /* Build configuration list for PBXNativeTarget "MemoryManagmentUIDemo" */;
			buildPhases = (
				ECC4F7F71FC447D7009BBAC0 /* Sources */,
				ECC4F7F81FC447D7009BBAC0 /* Frameworks */,
				ECC4F7F91FC447D7009BBAC0 /* Resources */,
			);
			buildRules = (
			);
			dependencies = (
			);
			name = MemoryManagmentUIDemo;
			productName = MemoryManagmentUIDemo;
			productReference = ECC4F7FB1FC447D7009BBAC0 /* MemoryManagmentUIDemo.app */;
			productType = "com.apple.product-type.application";
		};
/* End PBXNativeTarget section */

/* Begin PBXProject section */
		ECC4F7F31FC447D7009BBAC0 /* Project object */ = {
			isa = PBXProject;
			attributes = {
				LastSwiftUpdateCheck = 0910;
				LastUpgradeCheck = 0910;
				ORGANIZATIONNAME = KSHRD;
				TargetAttributes = {
					ECC4F7FA1FC447D7009BBAC0 = {
						CreatedOnToolsVersion = 9.1;
						ProvisioningStyle = Automatic;
					};
				};
			};
			buildConfigurationList = ECC4F7F61FC447D7009BBAC0 /* Build configuration list for PBXProject "MemoryManagmentUIDemo" */;
			compatibilityVersion = "Xcode 8.0";
			developmentRegion = en;
			hasScannedForEncodings = 0;
			knownRegions = (
				en,
				Base,
			);
			mainGroup = ECC4F7F21FC447D7009BBAC0;
			productRefGroup = ECC4F7FC1FC447D7009BBAC0 /* Products */;
			projectDirPath = "";
			projectRoot = "";
			targets = (
				ECC4F7FA1FC447D7009BBAC0 /* MemoryManagmentUIDemo */,
			);
		};
/* End PBXProject section */

/* Begin PBXResourcesBuildPhase section */
		ECC4F7F91FC447D7009BBAC0 /* Resources */ = {
			isa = PBXResourcesBuildPhase;
			buildActionMask = 2147483647;
			files = (
				ECC4F8091FC447D7009BBAC0 /* LaunchScreen.storyboard in Resources */,
				ECC4F8061FC447D7009BBAC0 /* Assets.xcassets in Resources */,
				ECC4F8041FC447D7009BBAC0 /* Main.storyboard in Resources */,
			);
			runOnlyForDeploymentPostprocessing = 0;
		};
/* End PBXResourcesBuildPhase section */

/* Begin PBXSourcesBuildPhase section */
		ECC4F7F71FC447D7009BBAC0 /* Sources */ = {
			isa = PBXSourcesBuildPhase;
			buildActionMask = 2147483647;
			files = (
				ECC4F8111FC447E4009BBAC0 /* Person.swift in Sources */,
				ECC4F8011FC447D7009BBAC0 /* ViewController.swift in Sources */,
				ECC4F7FF1FC447D7009BBAC0 /* AppDelegate.swift in Sources */,
			);
			runOnlyForDeploymentPostprocessing = 0;
		};
/* End PBXSourcesBuildPhase section */

/* Begin PBXVariantGroup section */
		ECC4F8021FC447D7009BBAC0 /* Main.storyboard */ = {
			isa = PBXVariantGroup;
			children = (
				ECC4F8031FC447D7009BBAC0 /* Base */,
			);
			name = Main.storyboard;
			sourceTree = "<group>";
		};
		ECC4F8071FC447D7009BBAC0 /* LaunchScreen.storyboard */ = {
			isa = PBXVariantGroup;
			children = (
				ECC4F8081FC447D7009BBAC0 /* Base */,
			);
			name = LaunchScreen.storyboard;
			sourceTree = "<group>";
		};
/* End PBXVariantGroup section */

/* Begin XCBuildConfiguration section */
		ECC4F80B1FC447D7009BBAC0 /* Debug */ = {
			isa = XCBuildConfiguration;
			buildSettings = {
				ALWAYS_SEARCH_USER_PATHS = NO;
				CLANG_ANALYZER_NONNULL = YES;
				CLANG_ANALYZER_NUMBER_OBJECT_CONVERSION = YES_AGGRESSIVE;
				CLANG_CXX_LANGUAGE_STANDARD = "gnu++14";
				CLANG_CXX_LIBRARY = "libc++";
				CLANG_ENABLE_MODULES = YES;
				CLANG_ENABLE_OBJC_ARC = YES;
				CLANG_WARN_BLOCK_CAPTURE_AUTORELEASING = YES;
				CLANG_WARN_BOOL_CONVERSION = YES;
				CLANG_WARN_COMMA = YES;
				CLANG_WARN_CONSTANT_CONVERSION = YES;
				CLANG_WARN_DIRECT_OBJC_ISA_USAGE = YES_ERROR;
				CLANG_WARN_DOCUMENTATION_COMMENTS = YES;
				CLANG_WARN_EMPTY_BODY = YES;
				CLANG_WARN_ENUM_CONVERSION = YES;
				CLANG_WARN_INFINITE_RECURSION = YES;
				CLANG_WARN_INT_CONVERSION = YES;
				CLANG_WARN_NON_LITERAL_NULL_CONVERSION = YES;
				CLANG_WARN_OBJC_LITERAL_CONVERSION = YES;
				CLANG_WARN_OBJC_ROOT_CLASS = YES_ERROR;
				CLANG_WARN_RANGE_LOOP_ANALYSIS = YES;
				CLANG_WARN_STRICT_PROTOTYPES = YES;
				CLANG_WARN_SUSPICIOUS_MOVE = YES;
				CLANG_WARN_UNGUARDED_AVAILABILITY = YES_AGGRESSIVE;
				CLANG_WARN_UNREACHABLE_CODE = YES;
				CLANG_WARN__DUPLICATE_METHOD_MATCH = YES;
				CODE_SIGN_IDENTITY = "iPhone Developer";
				COPY_PHASE_STRIP = NO;
				DEBUG_INFORMATION_FORMAT = dwarf;
				ENABLE_STRICT_OBJC_MSGSEND = YES;
				ENABLE_TESTABILITY = YES;
				GCC_C_LANGUAGE_STANDARD = gnu11;
				GCC_DYNAMIC_NO_PIC = NO;
				GCC_NO_COMMON_BLOCKS = YES;
				GCC_OPTIMIZATION_LEVEL = 0;
				GCC_PREPROCESSOR_DEFINITIONS = (
					"DEBUG=1",
					"$(inherited)",
				);
				GCC_WARN_64_TO_32_BIT_CONVERSION = YES;
				GCC_WARN_ABOUT_RETURN_TYPE = YES_ERROR;
				GCC_WARN_UNDECLARED_SELECTOR = YES;
				GCC_WARN_UNINITIALIZED_AUTOS = YES_AGGRESSIVE;
				GCC_WARN_UNUSED_FUNCTION = YES;
				GCC_WARN_UNUSED_VARIABLE = YES;
				IPHONEOS_DEPLOYMENT_TARGET = 11.1;
				MTL_ENABLE_DEBUG_INFO = YES;
				ONLY_ACTIVE_ARCH = YES;
				SDKROOT = iphoneos;
				SWIFT_ACTIVE_COMPILATION_CONDITIONS = DEBUG;
				SWIFT_OPTIMIZATION_LEVEL = "-Onone";
			};
			name = Debug;
		};
		ECC4F80C1FC447D7009BBAC0 /* Release */ = {
			isa = XCBuildConfiguration;
			buildSettings = {
				ALWAYS_SEARCH_USER_PATHS = NO;
				CLANG_ANALYZER_NONNULL = YES;
				CLANG_ANALYZER_NUMBER_OBJECT_CONVERSION = YES_AGGRESSIVE;
				CLANG_CXX_LANGUAGE_STANDARD = "gnu++14";
				CLANG_CXX_LIBRARY = "libc++";
				CLANG_ENABLE_MODULES = YES;
				CLANG_ENABLE_OBJC_ARC = YES;
				CLANG_WARN_BLOCK_CAPTURE_AUTORELEASING = YES;
				CLANG_WARN_BOOL_CONVERSION = YES;
				CLANG_WARN_COMMA = YES;
				CLANG_WARN_CONSTANT_CONVERSION = YES;
				CLANG_WARN_DIRECT_OBJC_ISA_USAGE = YES_ERROR;
				CLANG_WARN_DOCUMENTATION_COMMENTS = YES;
				CLANG_WARN_EMPTY_BODY = YES;
				CLANG_WARN_ENUM_CONVERSION = YES;
				CLANG_WARN_INFINITE_RECURSION = YES;
				CLANG_WARN_INT_CONVERSION = YES;
				CLANG_WARN_NON_LITERAL_NULL_CONVERSION = YES;
				CLANG_WARN_OBJC_LITERAL_CONVERSION = YES;
				CLANG_WARN_OBJC_ROOT_CLASS = YES_ERROR;
				CLANG_WARN_RANGE_LOOP_ANALYSIS = YES;
				CLANG_WARN_STRICT_PROTOTYPES = YES;
				CLANG_WARN_SUSPICIOUS_MOVE = YES;
				CLANG_WARN_UNGUARDED_AVAILABILITY = YES_AGGRESSIVE;
				CLANG_WARN_UNREACHABLE_CODE = YES;
				CLANG_WARN__DUPLICATE_METHOD_MATCH = YES;
				CODE_SIGN_IDENTITY = "iPhone Developer";
				COPY_PHASE_STRIP = NO;
				DEBUG_INFORMATION_FORMAT = "dwarf-with-dsym";
				ENABLE_NS_ASSERTIONS = NO;
				ENABLE_STRICT_OBJC_MSGSEND = YES;
				GCC_C_LANGUAGE_STANDARD = gnu11;
				GCC_NO_COMMON_BLOCKS = YES;
				GCC_WARN_64_TO_32_BIT_CONVERSION = YES;
				GCC_WARN_ABOUT_RETURN_TYPE = YES_ERROR;
				GCC_WARN_UNDECLARED_SELECTOR = YES;
				GCC_WARN_UNINITIALIZED_AUTOS = YES_AGGRESSIVE;
				GCC_WARN_UNUSED_FUNCTION = YES;
				GCC_WARN_UNUSED_VARIABLE = YES;
				IPHONEOS_DEPLOYMENT_TARGET = 11.1;
				MTL_ENABLE_DEBUG_INFO = NO;
				SDKROOT = iphoneos;
				SWIFT_OPTIMIZATION_LEVEL = "-Owholemodule";
				VALIDATE_PRODUCT = YES;
			};
			name = Release;
		};
		ECC4F80E1FC447D7009BBAC0 /* Debug */ = {
			isa = XCBuildConfiguration;
			buildSettings = {
				ASSETCATALOG_COMPILER_APPICON_NAME = AppIcon;
				CODE_SIGN_STYLE = Automatic;
				INFOPLIST_FILE = MemoryManagmentUIDemo/Info.plist;
				LD_RUNPATH_SEARCH_PATHS = "$(inherited) @executable_path/Frameworks";
				PRODUCT_BUNDLE_IDENTIFIER = org.kshrd.MemoryManagmentUIDemo;
				PRODUCT_NAME = "$(TARGET_NAME)";
				SWIFT_VERSION = 4.0;
				TARGETED_DEVICE_FAMILY = "1,2";
			};
			name = Debug;
		};
		ECC4F80F1FC447D7009BBAC0 /* Release */ = {
			isa = XCBuildConfiguration;
			buildSettings = {
				ASSETCATALOG_COMPILER_APPICON_NAME = AppIcon;
				CODE_SIGN_STYLE = Automatic;
				INFOPLIST_FILE = MemoryManagmentUIDemo/Info.plist;
				LD_RUNPATH_SEARCH_PATHS = "$(inherited) @executable_path/Frameworks";
				PRODUCT_BUNDLE_IDENTIFIER = org.kshrd.MemoryManagmentUIDemo;
				PRODUCT_NAME = "$(TARGET_NAME)";
				SWIFT_VERSION = 4.0;
				TARGETED_DEVICE_FAMILY = "1,2";
			};
			name = Release;
		};
/* End XCBuildConfiguration section */

/* Begin XCConfigurationList section */
		ECC4F7F61FC447D7009BBAC0 /* Build configuration list for PBXProject "MemoryManagmentUIDemo" */ = {
			isa = XCConfigurationList;
			buildConfigurations = (
				ECC4F80B1FC447D7009BBAC0 /* Debug */,
				ECC4F80C1FC447D7009BBAC0 /* Release */,
			);
			defaultConfigurationIsVisible = 0;
			defaultConfigurationName = Release;
		};
		ECC4F80D1FC447D7009BBAC0 /* Build configuration list for PBXNativeTarget "MemoryManagmentUIDemo" */ = {
			isa = XCConfigurationList;
			buildConfigurations = (
				ECC4F80E1FC447D7009BBAC0 /* Debug */,
				ECC4F80F1FC447D7009BBAC0 /* Release */,
			);
			defaultConfigurationIsVisible = 0;
			defaultConfigurationName = Release;
		};
/* End XCConfigurationList section */
	};
	rootObject = ECC4F7F31FC447D7009BBAC0 /* Project object */;
}
