// !$*UTF8*$!
{
	archiveVersion = 1;
	classes = {
	};
	objectVersion = 48;
	objects = {

/* Begin PBXBuildFile section */
		EC27C9F91FE14FA90014093E /* AppDelegate.swift in Sources */ = {isa = PBXBuildFile; fileRef = EC27C9F81FE14FA90014093E /* AppDelegate.swift */; };
		EC27C9FB1FE14FA90014093E /* ViewController.swift in Sources */ = {isa = PBXBuildFile; fileRef = EC27C9FA1FE14FA90014093E /* ViewController.swift */; };
		EC27C9FE1FE14FA90014093E /* Main.storyboard in Resources */ = {isa = PBXBuildFile; fileRef = EC27C9FC1FE14FA90014093E /* Main.storyboard */; };
		EC27CA001FE14FA90014093E /* Assets.xcassets in Resources */ = {isa = PBXBuildFile; fileRef = EC27C9FF1FE14FA90014093E /* Assets.xcassets */; };
		EC27CA031FE14FA90014093E /* LaunchScreen.storyboard in Resources */ = {isa = PBXBuildFile; fileRef = EC27CA011FE14FA90014093E /* LaunchScreen.storyboard */; };
		EC27CA0B1FE150820014093E /* GreenViewController.swift in Sources */ = {isa = PBXBuildFile; fileRef = EC27CA0A1FE150820014093E /* GreenViewController.swift */; };
/* End PBXBuildFile section */

/* Begin PBXFileReference section */
		EC27C9F51FE14FA90014093E /* UserDefaultDemo.app */ = {isa = PBXFileReference; explicitFileType = wrapper.application; includeInIndex = 0; path = UserDefaultDemo.app; sourceTree = BUILT_PRODUCTS_DIR; };
		EC27C9F81FE14FA90014093E /* AppDelegate.swift */ = {isa = PBXFileReference; lastKnownFileType = sourcecode.swift; path = AppDelegate.swift; sourceTree = "<group>"; };
		EC27C9FA1FE14FA90014093E /* ViewController.swift */ = {isa = PBXFileReference; lastKnownFileType = sourcecode.swift; path = ViewController.swift; sourceTree = "<group>"; };
		EC27C9FD1FE14FA90014093E /* Base */ = {isa = PBXFileReference; lastKnownFileType = file.storyboard; name = Base; path = Base.lproj/Main.storyboard; sourceTree = "<group>"; };
		EC27C9FF1FE14FA90014093E /* Assets.xcassets */ = {isa = PBXFileReference; lastKnownFileType = folder.assetcatalog; path = Assets.xcassets; sourceTree = "<group>"; };
		EC27CA021FE14FA90014093E /* Base */ = {isa = PBXFileReference; lastKnownFileType = file.storyboard; name = Base; path = Base.lproj/LaunchScreen.storyboard; sourceTree = "<group>"; };
		EC27CA041FE14FA90014093E /* Info.plist */ = {isa = PBXFileReference; lastKnownFileType = text.plist.xml; path = Info.plist; sourceTree = "<group>"; };
		EC27CA0A1FE150820014093E /* GreenViewController.swift */ = {isa = PBXFileReference; lastKnownFileType = sourcecode.swift; path = GreenViewController.swift; sourceTree = "<group>"; };
/* End PBXFileReference section */

/* Begin PBXFrameworksBuildPhase section */
		EC27C9F21FE14FA90014093E /* Frameworks */ = {
			isa = PBXFrameworksBuildPhase;
			buildActionMask = 2147483647;
			files = (
			);
			runOnlyForDeploymentPostprocessing = 0;
		};
/* End PBXFrameworksBuildPhase section */

/* Begin PBXGroup section */
		EC27C9EC1FE14FA90014093E = {
			isa = PBXGroup;
			children = (
				EC27C9F71FE14FA90014093E /* UserDefaultDemo */,
				EC27C9F61FE14FA90014093E /* Products */,
			);
			sourceTree = "<group>";
		};
		EC27C9F61FE14FA90014093E /* Products */ = {
			isa = PBXGroup;
			children = (
				EC27C9F51FE14FA90014093E /* UserDefaultDemo.app */,
			);
			name = Products;
			sourceTree = "<group>";
		};
		EC27C9F71FE14FA90014093E /* UserDefaultDemo */ = {
			isa = PBXGroup;
			children = (
				EC27C9F81FE14FA90014093E /* AppDelegate.swift */,
				EC27C9FA1FE14FA90014093E /* ViewController.swift */,
				EC27CA0A1FE150820014093E /* GreenViewController.swift */,
				EC27C9FC1FE14FA90014093E /* Main.storyboard */,
				EC27C9FF1FE14FA90014093E /* Assets.xcassets */,
				EC27CA011FE14FA90014093E /* LaunchScreen.storyboard */,
				EC27CA041FE14FA90014093E /* Info.plist */,
			);
			path = UserDefaultDemo;
			sourceTree = "<group>";
		};
/* End PBXGroup section */

/* Begin PBXNativeTarget section */
		EC27C9F41FE14FA90014093E /* UserDefaultDemo */ = {
			isa = PBXNativeTarget;
			buildConfigurationList = EC27CA071FE14FA90014093E /* Build configuration list for PBXNativeTarget "UserDefaultDemo" */;
			buildPhases = (
				EC27C9F11FE14FA90014093E /* Sources */,
				EC27C9F21FE14FA90014093E /* Frameworks */,
				EC27C9F31FE14FA90014093E /* Resources */,
			);
			buildRules = (
			);
			dependencies = (
			);
			name = UserDefaultDemo;
			productName = UserDefaultDemo;
			productReference = EC27C9F51FE14FA90014093E /* UserDefaultDemo.app */;
			productType = "com.apple.product-type.application";
		};
/* End PBXNativeTarget section */

/* Begin PBXProject section */
		EC27C9ED1FE14FA90014093E /* Project object */ = {
			isa = PBXProject;
			attributes = {
				LastSwiftUpdateCheck = 0920;
				LastUpgradeCheck = 0920;
				ORGANIZATIONNAME = KSHRD;
				TargetAttributes = {
					EC27C9F41FE14FA90014093E = {
						CreatedOnToolsVersion = 9.2;
						ProvisioningStyle = Automatic;
					};
				};
			};
			buildConfigurationList = EC27C9F01FE14FA90014093E /* Build configuration list for PBXProject "UserDefaultDemo" */;
			compatibilityVersion = "Xcode 8.0";
			developmentRegion = en;
			hasScannedForEncodings = 0;
			knownRegions = (
				en,
				Base,
			);
			mainGroup = EC27C9EC1FE14FA90014093E;
			productRefGroup = EC27C9F61FE14FA90014093E /* Products */;
			projectDirPath = "";
			projectRoot = "";
			targets = (
				EC27C9F41FE14FA90014093E /* UserDefaultDemo */,
			);
		};
/* End PBXProject section */

/* Begin PBXResourcesBuildPhase section */
		EC27C9F31FE14FA90014093E /* Resources */ = {
			isa = PBXResourcesBuildPhase;
			buildActionMask = 2147483647;
			files = (
				EC27CA031FE14FA90014093E /* LaunchScreen.storyboard in Resources */,
				EC27CA001FE14FA90014093E /* Assets.xcassets in Resources */,
				EC27C9FE1FE14FA90014093E /* Main.storyboard in Resources */,
			);
			runOnlyForDeploymentPostprocessing = 0;
		};
/* End PBXResourcesBuildPhase section */

/* Begin PBXSourcesBuildPhase section */
		EC27C9F11FE14FA90014093E /* Sources */ = {
			isa = PBXSourcesBuildPhase;
			buildActionMask = 2147483647;
			files = (
				EC27CA0B1FE150820014093E /* GreenViewController.swift in Sources */,
				EC27C9FB1FE14FA90014093E /* ViewController.swift in Sources */,
				EC27C9F91FE14FA90014093E /* AppDelegate.swift in Sources */,
			);
			runOnlyForDeploymentPostprocessing = 0;
		};
/* End PBXSourcesBuildPhase section */

/* Begin PBXVariantGroup section */
		EC27C9FC1FE14FA90014093E /* Main.storyboard */ = {
			isa = PBXVariantGroup;
			children = (
				EC27C9FD1FE14FA90014093E /* Base */,
			);
			name = Main.storyboard;
			sourceTree = "<group>";
		};
		EC27CA011FE14FA90014093E /* LaunchScreen.storyboard */ = {
			isa = PBXVariantGroup;
			children = (
				EC27CA021FE14FA90014093E /* Base */,
			);
			name = LaunchScreen.storyboard;
			sourceTree = "<group>";
		};
/* End PBXVariantGroup section */

/* Begin XCBuildConfiguration section */
		EC27CA051FE14FA90014093E /* Debug */ = {
			isa = XCBuildConfiguration;
			buildSettings = {
				ALWAYS_SEARCH_USER_PATHS = NO;
				CLANG_ANALYZER_NONNULL = YES;
				CLANG_ANALYZER_NUMBER_OBJECT_CONVERSION = YES_AGGRESSIVE;
				CLANG_CXX_LANGUAGE_STANDARD = "gnu++14";
				CLANG_CXX_LIBRARY = "libc++";
				CLANG_ENABLE_MODULES = YES;
				CLANG_ENABLE_OBJC_ARC = YES;
				CLANG_WARN_BLOCK_CAPTURE_AUTORELEASING = YES;
				CLANG_WARN_BOOL_CONVERSION = YES;
				CLANG_WARN_COMMA = YES;
				CLANG_WARN_CONSTANT_CONVERSION = YES;
				CLANG_WARN_DIRECT_OBJC_ISA_USAGE = YES_ERROR;
				CLANG_WARN_DOCUMENTATION_COMMENTS = YES;
				CLANG_WARN_EMPTY_BODY = YES;
				CLANG_WARN_ENUM_CONVERSION = YES;
				CLANG_WARN_INFINITE_RECURSION = YES;
				CLANG_WARN_INT_CONVERSION = YES;
				CLANG_WARN_NON_LITERAL_NULL_CONVERSION = YES;
				CLANG_WARN_OBJC_LITERAL_CONVERSION = YES;
				CLANG_WARN_OBJC_ROOT_CLASS = YES_ERROR;
				CLANG_WARN_RANGE_LOOP_ANALYSIS = YES;
				CLANG_WARN_STRICT_PROTOTYPES = YES;
				CLANG_WARN_SUSPICIOUS_MOVE = YES;
				CLANG_WARN_UNGUARDED_AVAILABILITY = YES_AGGRESSIVE;
				CLANG_WARN_UNREACHABLE_CODE = YES;
				CLANG_WARN__DUPLICATE_METHOD_MATCH = YES;
				CODE_SIGN_IDENTITY = "iPhone Developer";
				COPY_PHASE_STRIP = NO;
				DEBUG_INFORMATION_FORMAT = dwarf;
				ENABLE_STRICT_OBJC_MSGSEND = YES;
				ENABLE_TESTABILITY = YES;
				GCC_C_LANGUAGE_STANDARD = gnu11;
				GCC_DYNAMIC_NO_PIC = NO;
				GCC_NO_COMMON_BLOCKS = YES;
				GCC_OPTIMIZATION_LEVEL = 0;
				GCC_PREPROCESSOR_DEFINITIONS = (
					"DEBUG=1",
					"$(inherited)",
				);
				GCC_WARN_64_TO_32_BIT_CONVERSION = YES;
				GCC_WARN_ABOUT_RETURN_TYPE = YES_ERROR;
				GCC_WARN_UNDECLARED_SELECTOR = YES;
				GCC_WARN_UNINITIALIZED_AUTOS = YES_AGGRESSIVE;
				GCC_WARN_UNUSED_FUNCTION = YES;
				GCC_WARN_UNUSED_VARIABLE = YES;
				IPHONEOS_DEPLOYMENT_TARGET = 11.2;
				MTL_ENABLE_DEBUG_INFO = YES;
				ONLY_ACTIVE_ARCH = YES;
				SDKROOT = iphoneos;
				SWIFT_ACTIVE_COMPILATION_CONDITIONS = DEBUG;
				SWIFT_OPTIMIZATION_LEVEL = "-Onone";
			};
			name = Debug;
		};
		EC27CA061FE14FA90014093E /* Release */ = {
			isa = XCBuildConfiguration;
			buildSettings = {
				ALWAYS_SEARCH_USER_PATHS = NO;
				CLANG_ANALYZER_NONNULL = YES;
				CLANG_ANALYZER_NUMBER_OBJECT_CONVERSION = YES_AGGRESSIVE;
				CLANG_CXX_LANGUAGE_STANDARD = "gnu++14";
				CLANG_CXX_LIBRARY = "libc++";
				CLANG_ENABLE_MODULES = YES;
				CLANG_ENABLE_OBJC_ARC = YES;
				CLANG_WARN_BLOCK_CAPTURE_AUTORELEASING = YES;
				CLANG_WARN_BOOL_CONVERSION = YES;
				CLANG_WARN_COMMA = YES;
				CLANG_WARN_CONSTANT_CONVERSION = YES;
				CLANG_WARN_DIRECT_OBJC_ISA_USAGE = YES_ERROR;
				CLANG_WARN_DOCUMENTATION_COMMENTS = YES;
				CLANG_WARN_EMPTY_BODY = YES;
				CLANG_WARN_ENUM_CONVERSION = YES;
				CLANG_WARN_INFINITE_RECURSION = YES;
				CLANG_WARN_INT_CONVERSION = YES;
				CLANG_WARN_NON_LITERAL_NULL_CONVERSION = YES;
				CLANG_WARN_OBJC_LITERAL_CONVERSION = YES;
				CLANG_WARN_OBJC_ROOT_CLASS = YES_ERROR;
				CLANG_WARN_RANGE_LOOP_ANALYSIS = YES;
				CLANG_WARN_STRICT_PROTOTYPES = YES;
				CLANG_WARN_SUSPICIOUS_MOVE = YES;
				CLANG_WARN_UNGUARDED_AVAILABILITY = YES_AGGRESSIVE;
				CLANG_WARN_UNREACHABLE_CODE = YES;
				CLANG_WARN__DUPLICATE_METHOD_MATCH = YES;
				CODE_SIGN_IDENTITY = "iPhone Developer";
				COPY_PHASE_STRIP = NO;
				DEBUG_INFORMATION_FORMAT = "dwarf-with-dsym";
				ENABLE_NS_ASSERTIONS = NO;
				ENABLE_STRICT_OBJC_MSGSEND = YES;
				GCC_C_LANGUAGE_STANDARD = gnu11;
				GCC_NO_COMMON_BLOCKS = YES;
				GCC_WARN_64_TO_32_BIT_CONVERSION = YES;
				GCC_WARN_ABOUT_RETURN_TYPE = YES_ERROR;
				GCC_WARN_UNDECLARED_SELECTOR = YES;
				GCC_WARN_UNINITIALIZED_AUTOS = YES_AGGRESSIVE;
				GCC_WARN_UNUSED_FUNCTION = YES;
				GCC_WARN_UNUSED_VARIABLE = YES;
				IPHONEOS_DEPLOYMENT_TARGET = 11.2;
				MTL_ENABLE_DEBUG_INFO = NO;
				SDKROOT = iphoneos;
				SWIFT_OPTIMIZATION_LEVEL = "-Owholemodule";
				VALIDATE_PRODUCT = YES;
			};
			name = Release;
		};
		EC27CA081FE14FA90014093E /* Debug */ = {
			isa = XCBuildConfiguration;
			buildSettings = {
				ASSETCATALOG_COMPILER_APPICON_NAME = AppIcon;
				CODE_SIGN_STYLE = Automatic;
				INFOPLIST_FILE = UserDefaultDemo/Info.plist;
				LD_RUNPATH_SEARCH_PATHS = "$(inherited) @executable_path/Frameworks";
				PRODUCT_BUNDLE_IDENTIFIER = org.kshrd.UserDefaultDemo;
				PRODUCT_NAME = "$(TARGET_NAME)";
				SWIFT_VERSION = 4.0;
				TARGETED_DEVICE_FAMILY = "1,2";
			};
			name = Debug;
		};
		EC27CA091FE14FA90014093E /* Release */ = {
			isa = XCBuildConfiguration;
			buildSettings = {
				ASSETCATALOG_COMPILER_APPICON_NAME = AppIcon;
				CODE_SIGN_STYLE = Automatic;
				INFOPLIST_FILE = UserDefaultDemo/Info.plist;
				LD_RUNPATH_SEARCH_PATHS = "$(inherited) @executable_path/Frameworks";
				PRODUCT_BUNDLE_IDENTIFIER = org.kshrd.UserDefaultDemo;
				PRODUCT_NAME = "$(TARGET_NAME)";
				SWIFT_VERSION = 4.0;
				TARGETED_DEVICE_FAMILY = "1,2";
			};
			name = Release;
		};
/* End XCBuildConfiguration section */

/* Begin XCConfigurationList section */
		EC27C9F01FE14FA90014093E /* Build configuration list for PBXProject "UserDefaultDemo" */ = {
			isa = XCConfigurationList;
			buildConfigurations = (
				EC27CA051FE14FA90014093E /* Debug */,
				EC27CA061FE14FA90014093E /* Release */,
			);
			defaultConfigurationIsVisible = 0;
			defaultConfigurationName = Release;
		};
		EC27CA071FE14FA90014093E /* Build configuration list for PBXNativeTarget "UserDefaultDemo" */ = {
			isa = XCConfigurationList;
			buildConfigurations = (
				EC27CA081FE14FA90014093E /* Debug */,
				EC27CA091FE14FA90014093E /* Release */,
			);
			defaultConfigurationIsVisible = 0;
			defaultConfigurationName = Release;
		};
/* End XCConfigurationList section */
	};
	rootObject = EC27C9ED1FE14FA90014093E /* Project object */;
}
