// !$*UTF8*$!
{
	archiveVersion = 1;
	classes = {
	};
	objectVersion = 48;
	objects = {

/* Begin PBXBuildFile section */
		ECE642801FD6C0D5006CFD6C /* AppDelegate.swift in Sources */ = {isa = PBXBuildFile; fileRef = ECE6427F1FD6C0D5006CFD6C /* AppDelegate.swift */; };
		ECE642821FD6C0D5006CFD6C /* ViewController.swift in Sources */ = {isa = PBXBuildFile; fileRef = ECE642811FD6C0D5006CFD6C /* ViewController.swift */; };
		ECE642851FD6C0D5006CFD6C /* Main.storyboard in Resources */ = {isa = PBXBuildFile; fileRef = ECE642831FD6C0D5006CFD6C /* Main.storyboard */; };
		ECE642871FD6C0D5006CFD6C /* Assets.xcassets in Resources */ = {isa = PBXBuildFile; fileRef = ECE642861FD6C0D5006CFD6C /* Assets.xcassets */; };
		ECE6428A1FD6C0D5006CFD6C /* LaunchScreen.storyboard in Resources */ = {isa = PBXBuildFile; fileRef = ECE642881FD6C0D5006CFD6C /* LaunchScreen.storyboard */; };
/* End PBXBuildFile section */

/* Begin PBXFileReference section */
		ECE6427C1FD6C0D5006CFD6C /* UIPickerViewDemo.app */ = {isa = PBXFileReference; explicitFileType = wrapper.application; includeInIndex = 0; path = UIPickerViewDemo.app; sourceTree = BUILT_PRODUCTS_DIR; };
		ECE6427F1FD6C0D5006CFD6C /* AppDelegate.swift */ = {isa = PBXFileReference; lastKnownFileType = sourcecode.swift; path = AppDelegate.swift; sourceTree = "<group>"; };
		ECE642811FD6C0D5006CFD6C /* ViewController.swift */ = {isa = PBXFileReference; lastKnownFileType = sourcecode.swift; path = ViewController.swift; sourceTree = "<group>"; };
		ECE642841FD6C0D5006CFD6C /* Base */ = {isa = PBXFileReference; lastKnownFileType = file.storyboard; name = Base; path = Base.lproj/Main.storyboard; sourceTree = "<group>"; };
		ECE642861FD6C0D5006CFD6C /* Assets.xcassets */ = {isa = PBXFileReference; lastKnownFileType = folder.assetcatalog; path = Assets.xcassets; sourceTree = "<group>"; };
		ECE642891FD6C0D5006CFD6C /* Base */ = {isa = PBXFileReference; lastKnownFileType = file.storyboard; name = Base; path = Base.lproj/LaunchScreen.storyboard; sourceTree = "<group>"; };
		ECE6428B1FD6C0D5006CFD6C /* Info.plist */ = {isa = PBXFileReference; lastKnownFileType = text.plist.xml; path = Info.plist; sourceTree = "<group>"; };
/* End PBXFileReference section */

/* Begin PBXFrameworksBuildPhase section */
		ECE642791FD6C0D5006CFD6C /* Frameworks */ = {
			isa = PBXFrameworksBuildPhase;
			buildActionMask = 2147483647;
			files = (
			);
			runOnlyForDeploymentPostprocessing = 0;
		};
/* End PBXFrameworksBuildPhase section */

/* Begin PBXGroup section */
		ECE642731FD6C0D5006CFD6C = {
			isa = PBXGroup;
			children = (
				ECE6427E1FD6C0D5006CFD6C /* UIPickerViewDemo */,
				ECE6427D1FD6C0D5006CFD6C /* Products */,
			);
			sourceTree = "<group>";
		};
		ECE6427D1FD6C0D5006CFD6C /* Products */ = {
			isa = PBXGroup;
			children = (
				ECE6427C1FD6C0D5006CFD6C /* UIPickerViewDemo.app */,
			);
			name = Products;
			sourceTree = "<group>";
		};
		ECE6427E1FD6C0D5006CFD6C /* UIPickerViewDemo */ = {
			isa = PBXGroup;
			children = (
				ECE6427F1FD6C0D5006CFD6C /* AppDelegate.swift */,
				ECE642811FD6C0D5006CFD6C /* ViewController.swift */,
				ECE642831FD6C0D5006CFD6C /* Main.storyboard */,
				ECE642861FD6C0D5006CFD6C /* Assets.xcassets */,
				ECE642881FD6C0D5006CFD6C /* LaunchScreen.storyboard */,
				ECE6428B1FD6C0D5006CFD6C /* Info.plist */,
			);
			path = UIPickerViewDemo;
			sourceTree = "<group>";
		};
/* End PBXGroup section */

/* Begin PBXNativeTarget section */
		ECE6427B1FD6C0D5006CFD6C /* UIPickerViewDemo */ = {
			isa = PBXNativeTarget;
			buildConfigurationList = ECE6428E1FD6C0D5006CFD6C /* Build configuration list for PBXNativeTarget "UIPickerViewDemo" */;
			buildPhases = (
				ECE642781FD6C0D5006CFD6C /* Sources */,
				ECE642791FD6C0D5006CFD6C /* Frameworks */,
				ECE6427A1FD6C0D5006CFD6C /* Resources */,
			);
			buildRules = (
			);
			dependencies = (
			);
			name = UIPickerViewDemo;
			productName = UIPickerViewDemo;
			productReference = ECE6427C1FD6C0D5006CFD6C /* UIPickerViewDemo.app */;
			productType = "com.apple.product-type.application";
		};
/* End PBXNativeTarget section */

/* Begin PBXProject section */
		ECE642741FD6C0D5006CFD6C /* Project object */ = {
			isa = PBXProject;
			attributes = {
				LastSwiftUpdateCheck = 0910;
				LastUpgradeCheck = 0910;
				ORGANIZATIONNAME = KSHRD;
				TargetAttributes = {
					ECE6427B1FD6C0D5006CFD6C = {
						CreatedOnToolsVersion = 9.1;
						ProvisioningStyle = Automatic;
					};
				};
			};
			buildConfigurationList = ECE642771FD6C0D5006CFD6C /* Build configuration list for PBXProject "UIPickerViewDemo" */;
			compatibilityVersion = "Xcode 8.0";
			developmentRegion = en;
			hasScannedForEncodings = 0;
			knownRegions = (
				en,
				Base,
			);
			mainGroup = ECE642731FD6C0D5006CFD6C;
			productRefGroup = ECE6427D1FD6C0D5006CFD6C /* Products */;
			projectDirPath = "";
			projectRoot = "";
			targets = (
				ECE6427B1FD6C0D5006CFD6C /* UIPickerViewDemo */,
			);
		};
/* End PBXProject section */

/* Begin PBXResourcesBuildPhase section */
		ECE6427A1FD6C0D5006CFD6C /* Resources */ = {
			isa = PBXResourcesBuildPhase;
			buildActionMask = 2147483647;
			files = (
				ECE6428A1FD6C0D5006CFD6C /* LaunchScreen.storyboard in Resources */,
				ECE642871FD6C0D5006CFD6C /* Assets.xcassets in Resources */,
				ECE642851FD6C0D5006CFD6C /* Main.storyboard in Resources */,
			);
			runOnlyForDeploymentPostprocessing = 0;
		};
/* End PBXResourcesBuildPhase section */

/* Begin PBXSourcesBuildPhase section */
		ECE642781FD6C0D5006CFD6C /* Sources */ = {
			isa = PBXSourcesBuildPhase;
			buildActionMask = 2147483647;
			files = (
				ECE642821FD6C0D5006CFD6C /* ViewController.swift in Sources */,
				ECE642801FD6C0D5006CFD6C /* AppDelegate.swift in Sources */,
			);
			runOnlyForDeploymentPostprocessing = 0;
		};
/* End PBXSourcesBuildPhase section */

/* Begin PBXVariantGroup section */
		ECE642831FD6C0D5006CFD6C /* Main.storyboard */ = {
			isa = PBXVariantGroup;
			children = (
				ECE642841FD6C0D5006CFD6C /* Base */,
			);
			name = Main.storyboard;
			sourceTree = "<group>";
		};
		ECE642881FD6C0D5006CFD6C /* LaunchScreen.storyboard */ = {
			isa = PBXVariantGroup;
			children = (
				ECE642891FD6C0D5006CFD6C /* Base */,
			);
			name = LaunchScreen.storyboard;
			sourceTree = "<group>";
		};
/* End PBXVariantGroup section */

/* Begin XCBuildConfiguration section */
		ECE6428C1FD6C0D5006CFD6C /* Debug */ = {
			isa = XCBuildConfiguration;
			buildSettings = {
				ALWAYS_SEARCH_USER_PATHS = NO;
				CLANG_ANALYZER_NONNULL = YES;
				CLANG_ANALYZER_NUMBER_OBJECT_CONVERSION = YES_AGGRESSIVE;
				CLANG_CXX_LANGUAGE_STANDARD = "gnu++14";
				CLANG_CXX_LIBRARY = "libc++";
				CLANG_ENABLE_MODULES = YES;
				CLANG_ENABLE_OBJC_ARC = YES;
				CLANG_WARN_BLOCK_CAPTURE_AUTORELEASING = YES;
				CLANG_WARN_BOOL_CONVERSION = YES;
				CLANG_WARN_COMMA = YES;
				CLANG_WARN_CONSTANT_CONVERSION = YES;
				CLANG_WARN_DIRECT_OBJC_ISA_USAGE = YES_ERROR;
				CLANG_WARN_DOCUMENTATION_COMMENTS = YES;
				CLANG_WARN_EMPTY_BODY = YES;
				CLANG_WARN_ENUM_CONVERSION = YES;
				CLANG_WARN_INFINITE_RECURSION = YES;
				CLANG_WARN_INT_CONVERSION = YES;
				CLANG_WARN_NON_LITERAL_NULL_CONVERSION = YES;
				CLANG_WARN_OBJC_LITERAL_CONVERSION = YES;
				CLANG_WARN_OBJC_ROOT_CLASS = YES_ERROR;
				CLANG_WARN_RANGE_LOOP_ANALYSIS = YES;
				CLANG_WARN_STRICT_PROTOTYPES = YES;
				CLANG_WARN_SUSPICIOUS_MOVE = YES;
				CLANG_WARN_UNGUARDED_AVAILABILITY = YES_AGGRESSIVE;
				CLANG_WARN_UNREACHABLE_CODE = YES;
				CLANG_WARN__DUPLICATE_METHOD_MATCH = YES;
				CODE_SIGN_IDENTITY = "iPhone Developer";
				COPY_PHASE_STRIP = NO;
				DEBUG_INFORMATION_FORMAT = dwarf;
				ENABLE_STRICT_OBJC_MSGSEND = YES;
				ENABLE_TESTABILITY = YES;
				GCC_C_LANGUAGE_STANDARD = gnu11;
				GCC_DYNAMIC_NO_PIC = NO;
				GCC_NO_COMMON_BLOCKS = YES;
				GCC_OPTIMIZATION_LEVEL = 0;
				GCC_PREPROCESSOR_DEFINITIONS = (
					"DEBUG=1",
					"$(inherited)",
				);
				GCC_WARN_64_TO_32_BIT_CONVERSION = YES;
				GCC_WARN_ABOUT_RETURN_TYPE = YES_ERROR;
				GCC_WARN_UNDECLARED_SELECTOR = YES;
				GCC_WARN_UNINITIALIZED_AUTOS = YES_AGGRESSIVE;
				GCC_WARN_UNUSED_FUNCTION = YES;
				GCC_WARN_UNUSED_VARIABLE = YES;
				IPHONEOS_DEPLOYMENT_TARGET = 11.1;
				MTL_ENABLE_DEBUG_INFO = YES;
				ONLY_ACTIVE_ARCH = YES;
				SDKROOT = iphoneos;
				SWIFT_ACTIVE_COMPILATION_CONDITIONS = DEBUG;
				SWIFT_OPTIMIZATION_LEVEL = "-Onone";
			};
			name = Debug;
		};
		ECE6428D1FD6C0D5006CFD6C /* Release */ = {
			isa = XCBuildConfiguration;
			buildSettings = {
				ALWAYS_SEARCH_USER_PATHS = NO;
				CLANG_ANALYZER_NONNULL = YES;
				CLANG_ANALYZER_NUMBER_OBJECT_CONVERSION = YES_AGGRESSIVE;
				CLANG_CXX_LANGUAGE_STANDARD = "gnu++14";
				CLANG_CXX_LIBRARY = "libc++";
				CLANG_ENABLE_MODULES = YES;
				CLANG_ENABLE_OBJC_ARC = YES;
				CLANG_WARN_BLOCK_CAPTURE_AUTORELEASING = YES;
				CLANG_WARN_BOOL_CONVERSION = YES;
				CLANG_WARN_COMMA = YES;
				CLANG_WARN_CONSTANT_CONVERSION = YES;
				CLANG_WARN_DIRECT_OBJC_ISA_USAGE = YES_ERROR;
				CLANG_WARN_DOCUMENTATION_COMMENTS = YES;
				CLANG_WARN_EMPTY_BODY = YES;
				CLANG_WARN_ENUM_CONVERSION = YES;
				CLANG_WARN_INFINITE_RECURSION = YES;
				CLANG_WARN_INT_CONVERSION = YES;
				CLANG_WARN_NON_LITERAL_NULL_CONVERSION = YES;
				CLANG_WARN_OBJC_LITERAL_CONVERSION = YES;
				CLANG_WARN_OBJC_ROOT_CLASS = YES_ERROR;
				CLANG_WARN_RANGE_LOOP_ANALYSIS = YES;
				CLANG_WARN_STRICT_PROTOTYPES = YES;
				CLANG_WARN_SUSPICIOUS_MOVE = YES;
				CLANG_WARN_UNGUARDED_AVAILABILITY = YES_AGGRESSIVE;
				CLANG_WARN_UNREACHABLE_CODE = YES;
				CLANG_WARN__DUPLICATE_METHOD_MATCH = YES;
				CODE_SIGN_IDENTITY = "iPhone Developer";
				COPY_PHASE_STRIP = NO;
				DEBUG_INFORMATION_FORMAT = "dwarf-with-dsym";
				ENABLE_NS_ASSERTIONS = NO;
				ENABLE_STRICT_OBJC_MSGSEND = YES;
				GCC_C_LANGUAGE_STANDARD = gnu11;
				GCC_NO_COMMON_BLOCKS = YES;
				GCC_WARN_64_TO_32_BIT_CONVERSION = YES;
				GCC_WARN_ABOUT_RETURN_TYPE = YES_ERROR;
				GCC_WARN_UNDECLARED_SELECTOR = YES;
				GCC_WARN_UNINITIALIZED_AUTOS = YES_AGGRESSIVE;
				GCC_WARN_UNUSED_FUNCTION = YES;
				GCC_WARN_UNUSED_VARIABLE = YES;
				IPHONEOS_DEPLOYMENT_TARGET = 11.1;
				MTL_ENABLE_DEBUG_INFO = NO;
				SDKROOT = iphoneos;
				SWIFT_OPTIMIZATION_LEVEL = "-Owholemodule";
				VALIDATE_PRODUCT = YES;
			};
			name = Release;
		};
		ECE6428F1FD6C0D5006CFD6C /* Debug */ = {
			isa = XCBuildConfiguration;
			buildSettings = {
				ASSETCATALOG_COMPILER_APPICON_NAME = AppIcon;
				CODE_SIGN_STYLE = Automatic;
				INFOPLIST_FILE = UIPickerViewDemo/Info.plist;
				LD_RUNPATH_SEARCH_PATHS = "$(inherited) @executable_path/Frameworks";
				PRODUCT_BUNDLE_IDENTIFIER = org.kshrd.UIPickerViewDemo;
				PRODUCT_NAME = "$(TARGET_NAME)";
				SWIFT_VERSION = 4.0;
				TARGETED_DEVICE_FAMILY = "1,2";
			};
			name = Debug;
		};
		ECE642901FD6C0D5006CFD6C /* Release */ = {
			isa = XCBuildConfiguration;
			buildSettings = {
				ASSETCATALOG_COMPILER_APPICON_NAME = AppIcon;
				CODE_SIGN_STYLE = Automatic;
				INFOPLIST_FILE = UIPickerViewDemo/Info.plist;
				LD_RUNPATH_SEARCH_PATHS = "$(inherited) @executable_path/Frameworks";
				PRODUCT_BUNDLE_IDENTIFIER = org.kshrd.UIPickerViewDemo;
				PRODUCT_NAME = "$(TARGET_NAME)";
				SWIFT_VERSION = 4.0;
				TARGETED_DEVICE_FAMILY = "1,2";
			};
			name = Release;
		};
/* End XCBuildConfiguration section */

/* Begin XCConfigurationList section */
		ECE642771FD6C0D5006CFD6C /* Build configuration list for PBXProject "UIPickerViewDemo" */ = {
			isa = XCConfigurationList;
			buildConfigurations = (
				ECE6428C1FD6C0D5006CFD6C /* Debug */,
				ECE6428D1FD6C0D5006CFD6C /* Release */,
			);
			defaultConfigurationIsVisible = 0;
			defaultConfigurationName = Release;
		};
		ECE6428E1FD6C0D5006CFD6C /* Build configuration list for PBXNativeTarget "UIPickerViewDemo" */ = {
			isa = XCConfigurationList;
			buildConfigurations = (
				ECE6428F1FD6C0D5006CFD6C /* Debug */,
				ECE642901FD6C0D5006CFD6C /* Release */,
			);
			defaultConfigurationIsVisible = 0;
			defaultConfigurationName = Release;
		};
/* End XCConfigurationList section */
	};
	rootObject = ECE642741FD6C0D5006CFD6C /* Project object */;
}
